
Microsoft Visual Studio Solution File, Format Version 12.00
# Visual Studio Version 17
VisualStudioVersion = 17.11.35222.181
MinimumVisualStudioVersion = 10.0.40219.1
Project("{8BC9CEB8-8B4A-11D0-8D11-00A0C91BC942}") = "vs新手", "vs新手\vs新手.vcxproj", "{D4D8D3AE-D204-46E6-B0C2-7039E81E64C2}"
EndProject
Global
	GlobalSection(SolutionConfigurationPlatforms) = preSolution
		Debug|x64 = Debug|x64
		Debug|x86 = Debug|x86
		Release|x64 = Release|x64
		Release|x86 = Release|x86
	EndGlobalSection
	GlobalSection(ProjectConfigurationPlatforms) = postSolution
		{D4D8D3AE-D204-46E6-B0C2-7039E81E64C2}.Debug|x64.ActiveCfg = Debug|x64
		{D4D8D3AE-D204-46E6-B0C2-7039E81E64C2}.Debug|x64.Build.0 = Debug|x64
		{D4D8D3AE-D204-46E6-B0C2-7039E81E64C2}.Debug|x86.ActiveCfg = Debug|Win32
		{D4D8D3AE-D204-46E6-B0C2-7039E81E64C2}.Debug|x86.Build.0 = Debug|Win32
		{D4D8D3AE-D204-46E6-B0C2-7039E81E64C2}.Release|x64.ActiveCfg = Release|x64
		{D4D8D3AE-D204-46E6-B0C2-7039E81E64C2}.Release|x64.Build.0 = Release|x64
		{D4D8D3AE-D204-46E6-B0C2-7039E81E64C2}.Release|x86.ActiveCfg = Release|Win32
		{D4D8D3AE-D204-46E6-B0C2-7039E81E64C2}.Release|x86.Build.0 = Release|Win32
	EndGlobalSection
	GlobalSection(SolutionProperties) = preSolution
		HideSolutionNode = FALSE
	EndGlobalSection
	GlobalSection(ExtensibilityGlobals) = postSolution
		SolutionGuid = {25A573DC-5240-4FDA-BF16-8B796FD5FC71}
	EndGlobalSection
EndGlobal
