
Microsoft Visual Studio Solution File, Format Version 12.00
# Visual Studio Version 17
VisualStudioVersion = 17.11.35222.181
MinimumVisualStudioVersion = 10.0.40219.1
Project("{8BC9CEB8-8B4A-11D0-8D11-00A0C91BC942}") = "git_test", "git_test\git_test.vcxproj", "{AFE2E69C-5EC1-47BF-B3A9-DA7A33D47E8B}"
EndProject
Global
	GlobalSection(SolutionConfigurationPlatforms) = preSolution
		Debug|x64 = Debug|x64
		Debug|x86 = Debug|x86
		Release|x64 = Release|x64
		Release|x86 = Release|x86
	EndGlobalSection
	GlobalSection(ProjectConfigurationPlatforms) = postSolution
		{AFE2E69C-5EC1-47BF-B3A9-DA7A33D47E8B}.Debug|x64.ActiveCfg = Debug|x64
		{AFE2E69C-5EC1-47BF-B3A9-DA7A33D47E8B}.Debug|x64.Build.0 = Debug|x64
		{AFE2E69C-5EC1-47BF-B3A9-DA7A33D47E8B}.Debug|x86.ActiveCfg = Debug|Win32
		{AFE2E69C-5EC1-47BF-B3A9-DA7A33D47E8B}.Debug|x86.Build.0 = Debug|Win32
		{AFE2E69C-5EC1-47BF-B3A9-DA7A33D47E8B}.Release|x64.ActiveCfg = Release|x64
		{AFE2E69C-5EC1-47BF-B3A9-DA7A33D47E8B}.Release|x64.Build.0 = Release|x64
		{AFE2E69C-5EC1-47BF-B3A9-DA7A33D47E8B}.Release|x86.ActiveCfg = Release|Win32
		{AFE2E69C-5EC1-47BF-B3A9-DA7A33D47E8B}.Release|x86.Build.0 = Release|Win32
	EndGlobalSection
	GlobalSection(SolutionProperties) = preSolution
		HideSolutionNode = FALSE
	EndGlobalSection
	GlobalSection(ExtensibilityGlobals) = postSolution
		SolutionGuid = {AB8DB71F-6574-4AB4-BEDE-5B0AFD1C705A}
	EndGlobalSection
EndGlobal
